// !$*UTF8*$!
{
	archiveVersion = 1;
	classes = {
	};
	objectVersion = 50;
	objects = {

/* Begin PBXBuildFile section */
		069B95542091C961009CEEEF /* AppDelegate.m in Sources */ = {isa = PBXBuildFile; fileRef = 069B95532091C961009CEEEF /* AppDelegate.m */; };
		069B95572091C961009CEEEF /* ViewController.m in Sources */ = {isa = PBXBuildFile; fileRef = 069B95562091C961009CEEEF /* ViewController.m */; };
		069B955A2091C961009CEEEF /* Main.storyboard in Resources */ = {isa = PBXBuildFile; fileRef = 069B95582091C961009CEEEF /* Main.storyboard */; };
		069B955C2091C961009CEEEF /* Assets.xcassets in Resources */ = {isa = PBXBuildFile; fileRef = 069B955B2091C961009CEEEF /* Assets.xcassets */; };
		069B955F2091C962009CEEEF /* LaunchScreen.storyboard in Resources */ = {isa = PBXBuildFile; fileRef = 069B955D2091C962009CEEEF /* LaunchScreen.storyboard */; };
		069B95622091C962009CEEEF /* main.m in Sources */ = {isa = PBXBuildFile; fileRef = 069B95612091C962009CEEEF /* main.m */; };
/* End PBXBuildFile section */

/* Begin PBXFileReference section */
		069B954F2091C961009CEEEF /* MJGradientCircleView.app */ = {isa = PBXFileReference; explicitFileType = wrapper.application; includeInIndex = 0; path = MJGradientCircleView.app; sourceTree = BUILT_PRODUCTS_DIR; };
		069B95522091C961009CEEEF /* AppDelegate.h */ = {isa = PBXFileReference; lastKnownFileType = sourcecode.c.h; path = AppDelegate.h; sourceTree = "<group>"; };
		069B95532091C961009CEEEF /* AppDelegate.m */ = {isa = PBXFileReference; lastKnownFileType = sourcecode.c.objc; path = AppDelegate.m; sourceTree = "<group>"; };
		069B95552091C961009CEEEF /* ViewController.h */ = {isa = PBXFileReference; lastKnownFileType = sourcecode.c.h; path = ViewController.h; sourceTree = "<group>"; };
		069B95562091C961009CEEEF /* ViewController.m */ = {isa = PBXFileReference; lastKnownFileType = sourcecode.c.objc; path = ViewController.m; sourceTree = "<group>"; };
		069B95592091C961009CEEEF /* Base */ = {isa = PBXFileReference; lastKnownFileType = file.storyboard; name = Base; path = Base.lproj/Main.storyboard; sourceTree = "<group>"; };
		069B955B2091C961009CEEEF /* Assets.xcassets */ = {isa = PBXFileReference; lastKnownFileType = folder.assetcatalog; path = Assets.xcassets; sourceTree = "<group>"; };
		069B955E2091C962009CEEEF /* Base */ = {isa = PBXFileReference; lastKnownFileType = file.storyboard; name = Base; path = Base.lproj/LaunchScreen.storyboard; sourceTree = "<group>"; };
		069B95602091C962009CEEEF /* Info.plist */ = {isa = PBXFileReference; lastKnownFileType = text.plist.xml; path = Info.plist; sourceTree = "<group>"; };
		069B95612091C962009CEEEF /* main.m */ = {isa = PBXFileReference; lastKnownFileType = sourcecode.c.objc; path = main.m; sourceTree = "<group>"; };
/* End PBXFileReference section */

/* Begin PBXFrameworksBuildPhase section */
		069B954C2091C961009CEEEF /* Frameworks */ = {
			isa = PBXFrameworksBuildPhase;
			buildActionMask = 2147483647;
			files = (
			);
			runOnlyForDeploymentPostprocessing = 0;
		};
/* End PBXFrameworksBuildPhase section */

/* Begin PBXGroup section */
		069B95462091C961009CEEEF = {
			isa = PBXGroup;
			children = (
				069B95512091C961009CEEEF /* MJGradientCircleView */,
				069B95502091C961009CEEEF /* Products */,
			);
			sourceTree = "<group>";
		};
		069B95502091C961009CEEEF /* Products */ = {
			isa = PBXGroup;
			children = (
				069B954F2091C961009CEEEF /* MJGradientCircleView.app */,
			);
			name = Products;
			sourceTree = "<group>";
		};
		069B95512091C961009CEEEF /* MJGradientCircleView */ = {
			isa = PBXGroup;
			children = (
				069B95522091C961009CEEEF /* AppDelegate.h */,
				069B95532091C961009CEEEF /* AppDelegate.m */,
				069B95552091C961009CEEEF /* ViewController.h */,
				069B95562091C961009CEEEF /* ViewController.m */,
				069B95582091C961009CEEEF /* Main.storyboard */,
				069B955B2091C961009CEEEF /* Assets.xcassets */,
				069B955D2091C962009CEEEF /* LaunchScreen.storyboard */,
				069B95602091C962009CEEEF /* Info.plist */,
				069B95612091C962009CEEEF /* main.m */,
			);
			path = MJGradientCircleView;
			sourceTree = "<group>";
		};
/* End PBXGroup section */

/* Begin PBXNativeTarget section */
		069B954E2091C961009CEEEF /* MJGradientCircleView */ = {
			isa = PBXNativeTarget;
			buildConfigurationList = 069B95652091C962009CEEEF /* Build configuration list for PBXNativeTarget "MJGradientCircleView" */;
			buildPhases = (
				069B954B2091C961009CEEEF /* Sources */,
				069B954C2091C961009CEEEF /* Frameworks */,
				069B954D2091C961009CEEEF /* Resources */,
			);
			buildRules = (
			);
			dependencies = (
			);
			name = MJGradientCircleView;
			productName = MJGradientCircleView;
			productReference = 069B954F2091C961009CEEEF /* MJGradientCircleView.app */;
			productType = "com.apple.product-type.application";
		};
/* End PBXNativeTarget section */

/* Begin PBXProject section */
		069B95472091C961009CEEEF /* Project object */ = {
			isa = PBXProject;
			attributes = {
				LastUpgradeCheck = 0930;
				ORGANIZATIONNAME = musjoy;
				TargetAttributes = {
					069B954E2091C961009CEEEF = {
						CreatedOnToolsVersion = 9.3;
					};
				};
			};
			buildConfigurationList = 069B954A2091C961009CEEEF /* Build configuration list for PBXProject "MJGradientCircleView" */;
			compatibilityVersion = "Xcode 9.3";
			developmentRegion = en;
			hasScannedForEncodings = 0;
			knownRegions = (
				en,
				Base,
			);
			mainGroup = 069B95462091C961009CEEEF;
			productRefGroup = 069B95502091C961009CEEEF /* Products */;
			projectDirPath = "";
			projectRoot = "";
			targets = (
				069B954E2091C961009CEEEF /* MJGradientCircleView */,
			);
		};
/* End PBXProject section */

/* Begin PBXResourcesBuildPhase section */
		069B954D2091C961009CEEEF /* Resources */ = {
			isa = PBXResourcesBuildPhase;
			buildActionMask = 2147483647;
			files = (
				069B955F2091C962009CEEEF /* LaunchScreen.storyboard in Resources */,
				069B955C2091C961009CEEEF /* Assets.xcassets in Resources */,
				069B955A2091C961009CEEEF /* Main.storyboard in Resources */,
			);
			runOnlyForDeploymentPostprocessing = 0;
		};
/* End PBXResourcesBuildPhase section */

/* Begin PBXSourcesBuildPhase section */
		069B954B2091C961009CEEEF /* Sources */ = {
			isa = PBXSourcesBuildPhase;
			buildActionMask = 2147483647;
			files = (
				069B95572091C961009CEEEF /* ViewController.m in Sources */,
				069B95622091C962009CEEEF /* main.m in Sources */,
				069B95542091C961009CEEEF /* AppDelegate.m in Sources */,
			);
			runOnlyForDeploymentPostprocessing = 0;
		};
/* End PBXSourcesBuildPhase section */

/* Begin PBXVariantGroup section */
		069B95582091C961009CEEEF /* Main.storyboard */ = {
			isa = PBXVariantGroup;
			children = (
				069B95592091C961009CEEEF /* Base */,
			);
			name = Main.storyboard;
			sourceTree = "<group>";
		};
		069B955D2091C962009CEEEF /* LaunchScreen.storyboard */ = {
			isa = PBXVariantGroup;
			children = (
				069B955E2091C962009CEEEF /* Base */,
			);
			name = LaunchScreen.storyboard;
			sourceTree = "<group>";
		};
/* End PBXVariantGroup section */

/* Begin XCBuildConfiguration section */
		069B95632091C962009CEEEF /* Debug */ = {
			isa = XCBuildConfiguration;
			buildSettings = {
				ALWAYS_SEARCH_USER_PATHS = NO;
				CLANG_ANALYZER_NONNULL = YES;
				CLANG_ANALYZER_NUMBER_OBJECT_CONVERSION = YES_AGGRESSIVE;
				CLANG_CXX_LANGUAGE_STANDARD = "gnu++14";
				CLANG_CXX_LIBRARY = "libc++";
				CLANG_ENABLE_MODULES = YES;
				CLANG_ENABLE_OBJC_ARC = YES;
				CLANG_ENABLE_OBJC_WEAK = YES;
				CLANG_WARN_BLOCK_CAPTURE_AUTORELEASING = YES;
				CLANG_WARN_BOOL_CONVERSION = YES;
				CLANG_WARN_COMMA = YES;
				CLANG_WARN_CONSTANT_CONVERSION = YES;
				CLANG_WARN_DEPRECATED_OBJC_IMPLEMENTATIONS = YES;
				CLANG_WARN_DIRECT_OBJC_ISA_USAGE = YES_ERROR;
				CLANG_WARN_DOCUMENTATION_COMMENTS = YES;
				CLANG_WARN_EMPTY_BODY = YES;
				CLANG_WARN_ENUM_CONVERSION = YES;
				CLANG_WARN_INFINITE_RECURSION = YES;
				CLANG_WARN_INT_CONVERSION = YES;
				CLANG_WARN_NON_LITERAL_NULL_CONVERSION = YES;
				CLANG_WARN_OBJC_IMPLICIT_RETAIN_SELF = YES;
				CLANG_WARN_OBJC_LITERAL_CONVERSION = YES;
				CLANG_WARN_OBJC_ROOT_CLASS = YES_ERROR;
				CLANG_WARN_RANGE_LOOP_ANALYSIS = YES;
				CLANG_WARN_STRICT_PROTOTYPES = YES;
				CLANG_WARN_SUSPICIOUS_MOVE = YES;
				CLANG_WARN_UNGUARDED_AVAILABILITY = YES_AGGRESSIVE;
				CLANG_WARN_UNREACHABLE_CODE = YES;
				CLANG_WARN__DUPLICATE_METHOD_MATCH = YES;
				CODE_SIGN_IDENTITY = "iPhone Developer";
				COPY_PHASE_STRIP = NO;
				DEBUG_INFORMATION_FORMAT = dwarf;
				ENABLE_STRICT_OBJC_MSGSEND = YES;
				ENABLE_TESTABILITY = YES;
				GCC_C_LANGUAGE_STANDARD = gnu11;
				GCC_DYNAMIC_NO_PIC = NO;
				GCC_NO_COMMON_BLOCKS = YES;
				GCC_OPTIMIZATION_LEVEL = 0;
				GCC_PREPROCESSOR_DEFINITIONS = (
					"DEBUG=1",
					"$(inherited)",
				);
				GCC_WARN_64_TO_32_BIT_CONVERSION = YES;
				GCC_WARN_ABOUT_RETURN_TYPE = YES_ERROR;
				GCC_WARN_UNDECLARED_SELECTOR = YES;
				GCC_WARN_UNINITIALIZED_AUTOS = YES_AGGRESSIVE;
				GCC_WARN_UNUSED_FUNCTION = YES;
				GCC_WARN_UNUSED_VARIABLE = YES;
				IPHONEOS_DEPLOYMENT_TARGET = 11.3;
				MTL_ENABLE_DEBUG_INFO = YES;
				ONLY_ACTIVE_ARCH = YES;
				SDKROOT = iphoneos;
			};
			name = Debug;
		};
		069B95642091C962009CEEEF /* Release */ = {
			isa = XCBuildConfiguration;
			buildSettings = {
				ALWAYS_SEARCH_USER_PATHS = NO;
				CLANG_ANALYZER_NONNULL = YES;
				CLANG_ANALYZER_NUMBER_OBJECT_CONVERSION = YES_AGGRESSIVE;
				CLANG_CXX_LANGUAGE_STANDARD = "gnu++14";
				CLANG_CXX_LIBRARY = "libc++";
				CLANG_ENABLE_MODULES = YES;
				CLANG_ENABLE_OBJC_ARC = YES;
				CLANG_ENABLE_OBJC_WEAK = YES;
				CLANG_WARN_BLOCK_CAPTURE_AUTORELEASING = YES;
				CLANG_WARN_BOOL_CONVERSION = YES;
				CLANG_WARN_COMMA = YES;
				CLANG_WARN_CONSTANT_CONVERSION = YES;
				CLANG_WARN_DEPRECATED_OBJC_IMPLEMENTATIONS = YES;
				CLANG_WARN_DIRECT_OBJC_ISA_USAGE = YES_ERROR;
				CLANG_WARN_DOCUMENTATION_COMMENTS = YES;
				CLANG_WARN_EMPTY_BODY = YES;
				CLANG_WARN_ENUM_CONVERSION = YES;
				CLANG_WARN_INFINITE_RECURSION = YES;
				CLANG_WARN_INT_CONVERSION = YES;
				CLANG_WARN_NON_LITERAL_NULL_CONVERSION = YES;
				CLANG_WARN_OBJC_IMPLICIT_RETAIN_SELF = YES;
				CLANG_WARN_OBJC_LITERAL_CONVERSION = YES;
				CLANG_WARN_OBJC_ROOT_CLASS = YES_ERROR;
				CLANG_WARN_RANGE_LOOP_ANALYSIS = YES;
				CLANG_WARN_STRICT_PROTOTYPES = YES;
				CLANG_WARN_SUSPICIOUS_MOVE = YES;
				CLANG_WARN_UNGUARDED_AVAILABILITY = YES_AGGRESSIVE;
				CLANG_WARN_UNREACHABLE_CODE = YES;
				CLANG_WARN__DUPLICATE_METHOD_MATCH = YES;
				CODE_SIGN_IDENTITY = "iPhone Developer";
				COPY_PHASE_STRIP = NO;
				DEBUG_INFORMATION_FORMAT = "dwarf-with-dsym";
				ENABLE_NS_ASSERTIONS = NO;
				ENABLE_STRICT_OBJC_MSGSEND = YES;
				GCC_C_LANGUAGE_STANDARD = gnu11;
				GCC_NO_COMMON_BLOCKS = YES;
				GCC_WARN_64_TO_32_BIT_CONVERSION = YES;
				GCC_WARN_ABOUT_RETURN_TYPE = YES_ERROR;
				GCC_WARN_UNDECLARED_SELECTOR = YES;
				GCC_WARN_UNINITIALIZED_AUTOS = YES_AGGRESSIVE;
				GCC_WARN_UNUSED_FUNCTION = YES;
				GCC_WARN_UNUSED_VARIABLE = YES;
				IPHONEOS_DEPLOYMENT_TARGET = 11.3;
				MTL_ENABLE_DEBUG_INFO = NO;
				SDKROOT = iphoneos;
				VALIDATE_PRODUCT = YES;
			};
			name = Release;
		};
		069B95662091C962009CEEEF /* Debug */ = {
			isa = XCBuildConfiguration;
			buildSettings = {
				ASSETCATALOG_COMPILER_APPICON_NAME = AppIcon;
				CODE_SIGN_STYLE = Automatic;
				DEVELOPMENT_TEAM = 76MM79XMJ9;
				INFOPLIST_FILE = MJGradientCircleView/Info.plist;
				LD_RUNPATH_SEARCH_PATHS = (
					"$(inherited)",
					"@executable_path/Frameworks",
				);
				PRODUCT_BUNDLE_IDENTIFIER = com.musjoy.MJGradientCircleView;
				PRODUCT_NAME = "$(TARGET_NAME)";
				TARGETED_DEVICE_FAMILY = "1,2";
			};
			name = Debug;
		};
		069B95672091C962009CEEEF /* Release */ = {
			isa = XCBuildConfiguration;
			buildSettings = {
				ASSETCATALOG_COMPILER_APPICON_NAME = AppIcon;
				CODE_SIGN_STYLE = Automatic;
				DEVELOPMENT_TEAM = 76MM79XMJ9;
				INFOPLIST_FILE = MJGradientCircleView/Info.plist;
				LD_RUNPATH_SEARCH_PATHS = (
					"$(inherited)",
					"@executable_path/Frameworks",
				);
				PRODUCT_BUNDLE_IDENTIFIER = com.musjoy.MJGradientCircleView;
				PRODUCT_NAME = "$(TARGET_NAME)";
				TARGETED_DEVICE_FAMILY = "1,2";
			};
			name = Release;
		};
/* End XCBuildConfiguration section */

/* Begin XCConfigurationList section */
		069B954A2091C961009CEEEF /* Build configuration list for PBXProject "MJGradientCircleView" */ = {
			isa = XCConfigurationList;
			buildConfigurations = (
				069B95632091C962009CEEEF /* Debug */,
				069B95642091C962009CEEEF /* Release */,
			);
			defaultConfigurationIsVisible = 0;
			defaultConfigurationName = Release;
		};
		069B95652091C962009CEEEF /* Build configuration list for PBXNativeTarget "MJGradientCircleView" */ = {
			isa = XCConfigurationList;
			buildConfigurations = (
				069B95662091C962009CEEEF /* Debug */,
				069B95672091C962009CEEEF /* Release */,
			);
			defaultConfigurationIsVisible = 0;
			defaultConfigurationName = Release;
		};
/* End XCConfigurationList section */
	};
	rootObject = 069B95472091C961009CEEEF /* Project object */;
}
